{
  "lockfileVersion": 1,
  "workspaces": {
    "": {
      "name": "@zenstone/ts-utils",
      "devDependencies": {
        "@biomejs/biome": "^1.9.4",
        "@rollup/plugin-commonjs": "^28.0.2",
        "@rollup/plugin-node-resolve": "^16.0.0",
        "@types/bun": "latest",
        "rollup": "^4.34.8",
        "rollup-plugin-dts": "^6.1.1",
        "rollup-plugin-swc3": "^0.12.1",
        "typedoc": "^0.27.8",
        "typedoc-plugin-markdown": "^4.4.2",
      },
      "peerDependencies": {
        "typescript": "^5.0.0",
      },
    },
  },
  "packages": {
    "@babel/code-frame": ["@babel/code-frame@7.26.2", "https://mirrors.cloud.tencent.com/npm/@babel/code-frame/-/code-frame-7.26.2.tgz", { "dependencies": { "@babel/helper-validator-identifier": "^7.25.9", "js-tokens": "^4.0.0", "picocolors": "^1.0.0" } }, "sha512-RJlIHRueQgwWitWgF8OdFYGZX328Ax5BCemNGlqHfplnRT9ESi8JkFlvaVYbS+UubVY6dpv87Fs2u5M29iNFVQ=="],

    "@babel/helper-validator-identifier": ["@babel/helper-validator-identifier@7.25.9", "https://mirrors.cloud.tencent.com/npm/@babel/helper-validator-identifier/-/helper-validator-identifier-7.25.9.tgz", {}, "sha512-Ed61U6XJc3CVRfkERJWDz4dJwKe7iLmmJsbOGu9wSloNSFttHV0I8g6UAgb7qnK5ly5bGLPd4oXZlxCdANBOWQ=="],

    "@biomejs/biome": ["@biomejs/biome@1.9.4", "https://mirrors.cloud.tencent.com/npm/@biomejs/biome/-/biome-1.9.4.tgz", { "optionalDependencies": { "@biomejs/cli-darwin-arm64": "1.9.4", "@biomejs/cli-darwin-x64": "1.9.4", "@biomejs/cli-linux-arm64": "1.9.4", "@biomejs/cli-linux-arm64-musl": "1.9.4", "@biomejs/cli-linux-x64": "1.9.4", "@biomejs/cli-linux-x64-musl": "1.9.4", "@biomejs/cli-win32-arm64": "1.9.4", "@biomejs/cli-win32-x64": "1.9.4" }, "bin": { "biome": "bin/biome" } }, "sha512-1rkd7G70+o9KkTn5KLmDYXihGoTaIGO9PIIN2ZB7UJxFrWw04CZHPYiMRjYsaDvVV7hP1dYNRLxSANLaBFGpog=="],

    "@biomejs/cli-darwin-arm64": ["@biomejs/cli-darwin-arm64@1.9.4", "https://mirrors.cloud.tencent.com/npm/@biomejs/cli-darwin-arm64/-/cli-darwin-arm64-1.9.4.tgz", { "os": "darwin", "cpu": "arm64" }, "sha512-bFBsPWrNvkdKrNCYeAp+xo2HecOGPAy9WyNyB/jKnnedgzl4W4Hb9ZMzYNbf8dMCGmUdSavlYHiR01QaYR58cw=="],

    "@biomejs/cli-darwin-x64": ["@biomejs/cli-darwin-x64@1.9.4", "https://mirrors.cloud.tencent.com/npm/@biomejs/cli-darwin-x64/-/cli-darwin-x64-1.9.4.tgz", { "os": "darwin", "cpu": "x64" }, "sha512-ngYBh/+bEedqkSevPVhLP4QfVPCpb+4BBe2p7Xs32dBgs7rh9nY2AIYUL6BgLw1JVXV8GlpKmb/hNiuIxfPfZg=="],

    "@biomejs/cli-linux-arm64": ["@biomejs/cli-linux-arm64@1.9.4", "https://mirrors.cloud.tencent.com/npm/@biomejs/cli-linux-arm64/-/cli-linux-arm64-1.9.4.tgz", { "os": "linux", "cpu": "arm64" }, "sha512-fJIW0+LYujdjUgJJuwesP4EjIBl/N/TcOX3IvIHJQNsAqvV2CHIogsmA94BPG6jZATS4Hi+xv4SkBBQSt1N4/g=="],

    "@biomejs/cli-linux-arm64-musl": ["@biomejs/cli-linux-arm64-musl@1.9.4", "https://mirrors.cloud.tencent.com/npm/@biomejs/cli-linux-arm64-musl/-/cli-linux-arm64-musl-1.9.4.tgz", { "os": "linux", "cpu": "arm64" }, "sha512-v665Ct9WCRjGa8+kTr0CzApU0+XXtRgwmzIf1SeKSGAv+2scAlW6JR5PMFo6FzqqZ64Po79cKODKf3/AAmECqA=="],

    "@biomejs/cli-linux-x64": ["@biomejs/cli-linux-x64@1.9.4", "https://mirrors.cloud.tencent.com/npm/@biomejs/cli-linux-x64/-/cli-linux-x64-1.9.4.tgz", { "os": "linux", "cpu": "x64" }, "sha512-lRCJv/Vi3Vlwmbd6K+oQ0KhLHMAysN8lXoCI7XeHlxaajk06u7G+UsFSO01NAs5iYuWKmVZjmiOzJ0OJmGsMwg=="],

    "@biomejs/cli-linux-x64-musl": ["@biomejs/cli-linux-x64-musl@1.9.4", "https://mirrors.cloud.tencent.com/npm/@biomejs/cli-linux-x64-musl/-/cli-linux-x64-musl-1.9.4.tgz", { "os": "linux", "cpu": "x64" }, "sha512-gEhi/jSBhZ2m6wjV530Yy8+fNqG8PAinM3oV7CyO+6c3CEh16Eizm21uHVsyVBEB6RIM8JHIl6AGYCv6Q6Q9Tg=="],

    "@biomejs/cli-win32-arm64": ["@biomejs/cli-win32-arm64@1.9.4", "https://mirrors.cloud.tencent.com/npm/@biomejs/cli-win32-arm64/-/cli-win32-arm64-1.9.4.tgz", { "os": "win32", "cpu": "arm64" }, "sha512-tlbhLk+WXZmgwoIKwHIHEBZUwxml7bRJgk0X2sPyNR3S93cdRq6XulAZRQJ17FYGGzWne0fgrXBKpl7l4M87Hg=="],

    "@biomejs/cli-win32-x64": ["@biomejs/cli-win32-x64@1.9.4", "https://mirrors.cloud.tencent.com/npm/@biomejs/cli-win32-x64/-/cli-win32-x64-1.9.4.tgz", { "os": "win32", "cpu": "x64" }, "sha512-8Y5wMhVIPaWe6jw2H+KlEm4wP/f7EW3810ZLmDlrEEy5KvBsb9ECEfu/kMWD484ijfQ8+nIi0giMgu9g1UAuuA=="],

    "@dual-bundle/import-meta-resolve": ["@dual-bundle/import-meta-resolve@4.1.0", "https://mirrors.cloud.tencent.com/npm/@dual-bundle/import-meta-resolve/-/import-meta-resolve-4.1.0.tgz", {}, "sha512-+nxncfwHM5SgAtrVzgpzJOI1ol0PkumhVo469KCf9lUi21IGcY90G98VuHm9VRrUypmAzawAHO9bs6hqeADaVg=="],

    "@fastify/deepmerge": ["@fastify/deepmerge@2.0.2", "https://mirrors.cloud.tencent.com/npm/@fastify/deepmerge/-/deepmerge-2.0.2.tgz", {}, "sha512-3wuLdX5iiiYeZWP6bQrjqhrcvBIf0NHbQH1Ur1WbHvoiuTYUEItgygea3zs8aHpiitn0lOB8gX20u1qO+FDm7Q=="],

    "@gerrit0/mini-shiki": ["@gerrit0/mini-shiki@1.27.2", "https://mirrors.cloud.tencent.com/npm/@gerrit0/mini-shiki/-/mini-shiki-1.27.2.tgz", { "dependencies": { "@shikijs/engine-oniguruma": "^1.27.2", "@shikijs/types": "^1.27.2", "@shikijs/vscode-textmate": "^10.0.1" } }, "sha512-GeWyHz8ao2gBiUW4OJnQDxXQnFgZQwwQk05t/CVVgNBN7/rK8XZ7xY6YhLVv9tH3VppWWmr9DCl3MwemB/i+Og=="],

    "@jridgewell/sourcemap-codec": ["@jridgewell/sourcemap-codec@1.5.0", "https://mirrors.cloud.tencent.com/npm/@jridgewell/sourcemap-codec/-/sourcemap-codec-1.5.0.tgz", {}, "sha512-gv3ZRaISU3fjPAgNsriBRqGWQL6quFx04YMPW/zD8XMLsU32mhCCbfbO6KZFLjvYpCZ8zyDEgqsgf+PwPaM7GQ=="],

    "@rollup/plugin-commonjs": ["@rollup/plugin-commonjs@28.0.2", "https://mirrors.cloud.tencent.com/npm/@rollup/plugin-commonjs/-/plugin-commonjs-28.0.2.tgz", { "dependencies": { "@rollup/pluginutils": "^5.0.1", "commondir": "^1.0.1", "estree-walker": "^2.0.2", "fdir": "^6.2.0", "is-reference": "1.2.1", "magic-string": "^0.30.3", "picomatch": "^4.0.2" }, "peerDependencies": { "rollup": "^2.68.0||^3.0.0||^4.0.0" }, "optionalPeers": ["rollup"] }, "sha512-BEFI2EDqzl+vA1rl97IDRZ61AIwGH093d9nz8+dThxJNH8oSoB7MjWvPCX3dkaK1/RCJ/1v/R1XB15FuSs0fQw=="],

    "@rollup/plugin-node-resolve": ["@rollup/plugin-node-resolve@16.0.0", "https://mirrors.cloud.tencent.com/npm/@rollup/plugin-node-resolve/-/plugin-node-resolve-16.0.0.tgz", { "dependencies": { "@rollup/pluginutils": "^5.0.1", "@types/resolve": "1.20.2", "deepmerge": "^4.2.2", "is-module": "^1.0.0", "resolve": "^1.22.1" }, "peerDependencies": { "rollup": "^2.78.0||^3.0.0||^4.0.0" }, "optionalPeers": ["rollup"] }, "sha512-0FPvAeVUT/zdWoO0jnb/V5BlBsUSNfkIOtFHzMO4H9MOklrmQFY6FduVHKucNb/aTFxvnGhj4MNj/T1oNdDfNg=="],

    "@rollup/pluginutils": ["@rollup/pluginutils@5.1.4", "https://mirrors.cloud.tencent.com/npm/@rollup/pluginutils/-/pluginutils-5.1.4.tgz", { "dependencies": { "@types/estree": "^1.0.0", "estree-walker": "^2.0.2", "picomatch": "^4.0.2" }, "peerDependencies": { "rollup": "^1.20.0||^2.0.0||^3.0.0||^4.0.0" }, "optionalPeers": ["rollup"] }, "sha512-USm05zrsFxYLPdWWq+K3STlWiT/3ELn3RcV5hJMghpeAIhxfsUIg6mt12CBJBInWMV4VneoV7SfGv8xIwo2qNQ=="],

    "@rollup/rollup-android-arm-eabi": ["@rollup/rollup-android-arm-eabi@4.34.8", "https://mirrors.cloud.tencent.com/npm/@rollup/rollup-android-arm-eabi/-/rollup-android-arm-eabi-4.34.8.tgz", { "os": "android", "cpu": "arm" }, "sha512-q217OSE8DTp8AFHuNHXo0Y86e1wtlfVrXiAlwkIvGRQv9zbc6mE3sjIVfwI8sYUyNxwOg0j/Vm1RKM04JcWLJw=="],

    "@rollup/rollup-android-arm64": ["@rollup/rollup-android-arm64@4.34.8", "https://mirrors.cloud.tencent.com/npm/@rollup/rollup-android-arm64/-/rollup-android-arm64-4.34.8.tgz", { "os": "android", "cpu": "arm64" }, "sha512-Gigjz7mNWaOL9wCggvoK3jEIUUbGul656opstjaUSGC3eT0BM7PofdAJaBfPFWWkXNVAXbaQtC99OCg4sJv70Q=="],

    "@rollup/rollup-darwin-arm64": ["@rollup/rollup-darwin-arm64@4.34.8", "https://mirrors.cloud.tencent.com/npm/@rollup/rollup-darwin-arm64/-/rollup-darwin-arm64-4.34.8.tgz", { "os": "darwin", "cpu": "arm64" }, "sha512-02rVdZ5tgdUNRxIUrFdcMBZQoaPMrxtwSb+/hOfBdqkatYHR3lZ2A2EGyHq2sGOd0Owk80oV3snlDASC24He3Q=="],

    "@rollup/rollup-darwin-x64": ["@rollup/rollup-darwin-x64@4.34.8", "https://mirrors.cloud.tencent.com/npm/@rollup/rollup-darwin-x64/-/rollup-darwin-x64-4.34.8.tgz", { "os": "darwin", "cpu": "x64" }, "sha512-qIP/elwR/tq/dYRx3lgwK31jkZvMiD6qUtOycLhTzCvrjbZ3LjQnEM9rNhSGpbLXVJYQ3rq39A6Re0h9tU2ynw=="],

    "@rollup/rollup-freebsd-arm64": ["@rollup/rollup-freebsd-arm64@4.34.8", "https://mirrors.cloud.tencent.com/npm/@rollup/rollup-freebsd-arm64/-/rollup-freebsd-arm64-4.34.8.tgz", { "os": "freebsd", "cpu": "arm64" }, "sha512-IQNVXL9iY6NniYbTaOKdrlVP3XIqazBgJOVkddzJlqnCpRi/yAeSOa8PLcECFSQochzqApIOE1GHNu3pCz+BDA=="],

    "@rollup/rollup-freebsd-x64": ["@rollup/rollup-freebsd-x64@4.34.8", "https://mirrors.cloud.tencent.com/npm/@rollup/rollup-freebsd-x64/-/rollup-freebsd-x64-4.34.8.tgz", { "os": "freebsd", "cpu": "x64" }, "sha512-TYXcHghgnCqYFiE3FT5QwXtOZqDj5GmaFNTNt3jNC+vh22dc/ukG2cG+pi75QO4kACohZzidsq7yKTKwq/Jq7Q=="],

    "@rollup/rollup-linux-arm-gnueabihf": ["@rollup/rollup-linux-arm-gnueabihf@4.34.8", "https://mirrors.cloud.tencent.com/npm/@rollup/rollup-linux-arm-gnueabihf/-/rollup-linux-arm-gnueabihf-4.34.8.tgz", { "os": "linux", "cpu": "arm" }, "sha512-A4iphFGNkWRd+5m3VIGuqHnG3MVnqKe7Al57u9mwgbyZ2/xF9Jio72MaY7xxh+Y87VAHmGQr73qoKL9HPbXj1g=="],

    "@rollup/rollup-linux-arm-musleabihf": ["@rollup/rollup-linux-arm-musleabihf@4.34.8", "https://mirrors.cloud.tencent.com/npm/@rollup/rollup-linux-arm-musleabihf/-/rollup-linux-arm-musleabihf-4.34.8.tgz", { "os": "linux", "cpu": "arm" }, "sha512-S0lqKLfTm5u+QTxlFiAnb2J/2dgQqRy/XvziPtDd1rKZFXHTyYLoVL58M/XFwDI01AQCDIevGLbQrMAtdyanpA=="],

    "@rollup/rollup-linux-arm64-gnu": ["@rollup/rollup-linux-arm64-gnu@4.34.8", "https://mirrors.cloud.tencent.com/npm/@rollup/rollup-linux-arm64-gnu/-/rollup-linux-arm64-gnu-4.34.8.tgz", { "os": "linux", "cpu": "arm64" }, "sha512-jpz9YOuPiSkL4G4pqKrus0pn9aYwpImGkosRKwNi+sJSkz+WU3anZe6hi73StLOQdfXYXC7hUfsQlTnjMd3s1A=="],

    "@rollup/rollup-linux-arm64-musl": ["@rollup/rollup-linux-arm64-musl@4.34.8", "https://mirrors.cloud.tencent.com/npm/@rollup/rollup-linux-arm64-musl/-/rollup-linux-arm64-musl-4.34.8.tgz", { "os": "linux", "cpu": "arm64" }, "sha512-KdSfaROOUJXgTVxJNAZ3KwkRc5nggDk+06P6lgi1HLv1hskgvxHUKZ4xtwHkVYJ1Rep4GNo+uEfycCRRxht7+Q=="],

    "@rollup/rollup-linux-loongarch64-gnu": ["@rollup/rollup-linux-loongarch64-gnu@4.34.8", "https://mirrors.cloud.tencent.com/npm/@rollup/rollup-linux-loongarch64-gnu/-/rollup-linux-loongarch64-gnu-4.34.8.tgz", { "os": "linux", "cpu": "none" }, "sha512-NyF4gcxwkMFRjgXBM6g2lkT58OWztZvw5KkV2K0qqSnUEqCVcqdh2jN4gQrTn/YUpAcNKyFHfoOZEer9nwo6uQ=="],

    "@rollup/rollup-linux-powerpc64le-gnu": ["@rollup/rollup-linux-powerpc64le-gnu@4.34.8", "https://mirrors.cloud.tencent.com/npm/@rollup/rollup-linux-powerpc64le-gnu/-/rollup-linux-powerpc64le-gnu-4.34.8.tgz", { "os": "linux", "cpu": "ppc64" }, "sha512-LMJc999GkhGvktHU85zNTDImZVUCJ1z/MbAJTnviiWmmjyckP5aQsHtcujMjpNdMZPT2rQEDBlJfubhs3jsMfw=="],

    "@rollup/rollup-linux-riscv64-gnu": ["@rollup/rollup-linux-riscv64-gnu@4.34.8", "https://mirrors.cloud.tencent.com/npm/@rollup/rollup-linux-riscv64-gnu/-/rollup-linux-riscv64-gnu-4.34.8.tgz", { "os": "linux", "cpu": "none" }, "sha512-xAQCAHPj8nJq1PI3z8CIZzXuXCstquz7cIOL73HHdXiRcKk8Ywwqtx2wrIy23EcTn4aZ2fLJNBB8d0tQENPCmw=="],

    "@rollup/rollup-linux-s390x-gnu": ["@rollup/rollup-linux-s390x-gnu@4.34.8", "https://mirrors.cloud.tencent.com/npm/@rollup/rollup-linux-s390x-gnu/-/rollup-linux-s390x-gnu-4.34.8.tgz", { "os": "linux", "cpu": "s390x" }, "sha512-DdePVk1NDEuc3fOe3dPPTb+rjMtuFw89gw6gVWxQFAuEqqSdDKnrwzZHrUYdac7A7dXl9Q2Vflxpme15gUWQFA=="],

    "@rollup/rollup-linux-x64-gnu": ["@rollup/rollup-linux-x64-gnu@4.34.8", "https://mirrors.cloud.tencent.com/npm/@rollup/rollup-linux-x64-gnu/-/rollup-linux-x64-gnu-4.34.8.tgz", { "os": "linux", "cpu": "x64" }, "sha512-8y7ED8gjxITUltTUEJLQdgpbPh1sUQ0kMTmufRF/Ns5tI9TNMNlhWtmPKKHCU0SilX+3MJkZ0zERYYGIVBYHIA=="],

    "@rollup/rollup-linux-x64-musl": ["@rollup/rollup-linux-x64-musl@4.34.8", "https://mirrors.cloud.tencent.com/npm/@rollup/rollup-linux-x64-musl/-/rollup-linux-x64-musl-4.34.8.tgz", { "os": "linux", "cpu": "x64" }, "sha512-SCXcP0ZpGFIe7Ge+McxY5zKxiEI5ra+GT3QRxL0pMMtxPfpyLAKleZODi1zdRHkz5/BhueUrYtYVgubqe9JBNQ=="],

    "@rollup/rollup-win32-arm64-msvc": ["@rollup/rollup-win32-arm64-msvc@4.34.8", "https://mirrors.cloud.tencent.com/npm/@rollup/rollup-win32-arm64-msvc/-/rollup-win32-arm64-msvc-4.34.8.tgz", { "os": "win32", "cpu": "arm64" }, "sha512-YHYsgzZgFJzTRbth4h7Or0m5O74Yda+hLin0irAIobkLQFRQd1qWmnoVfwmKm9TXIZVAD0nZ+GEb2ICicLyCnQ=="],

    "@rollup/rollup-win32-ia32-msvc": ["@rollup/rollup-win32-ia32-msvc@4.34.8", "https://mirrors.cloud.tencent.com/npm/@rollup/rollup-win32-ia32-msvc/-/rollup-win32-ia32-msvc-4.34.8.tgz", { "os": "win32", "cpu": "ia32" }, "sha512-r3NRQrXkHr4uWy5TOjTpTYojR9XmF0j/RYgKCef+Ag46FWUTltm5ziticv8LdNsDMehjJ543x/+TJAek/xBA2w=="],

    "@rollup/rollup-win32-x64-msvc": ["@rollup/rollup-win32-x64-msvc@4.34.8", "https://mirrors.cloud.tencent.com/npm/@rollup/rollup-win32-x64-msvc/-/rollup-win32-x64-msvc-4.34.8.tgz", { "os": "win32", "cpu": "x64" }, "sha512-U0FaE5O1BCpZSeE6gBl3c5ObhePQSfk9vDRToMmTkbhCOgW4jqvtS5LGyQ76L1fH8sM0keRp4uDTsbjiUyjk0g=="],

    "@shikijs/engine-oniguruma": ["@shikijs/engine-oniguruma@1.29.2", "https://mirrors.cloud.tencent.com/npm/@shikijs/engine-oniguruma/-/engine-oniguruma-1.29.2.tgz", { "dependencies": { "@shikijs/types": "1.29.2", "@shikijs/vscode-textmate": "^10.0.1" } }, "sha512-7iiOx3SG8+g1MnlzZVDYiaeHe7Ez2Kf2HrJzdmGwkRisT7r4rak0e655AcM/tF9JG/kg5fMNYlLLKglbN7gBqA=="],

    "@shikijs/types": ["@shikijs/types@1.29.2", "https://mirrors.cloud.tencent.com/npm/@shikijs/types/-/types-1.29.2.tgz", { "dependencies": { "@shikijs/vscode-textmate": "^10.0.1", "@types/hast": "^3.0.4" } }, "sha512-VJjK0eIijTZf0QSTODEXCqinjBn0joAHQ+aPSBzrv4O2d/QSbsMw+ZeSRx03kV34Hy7NzUvV/7NqfYGRLrASmw=="],

    "@shikijs/vscode-textmate": ["@shikijs/vscode-textmate@10.0.2", "https://mirrors.cloud.tencent.com/npm/@shikijs/vscode-textmate/-/vscode-textmate-10.0.2.tgz", {}, "sha512-83yeghZ2xxin3Nj8z1NMd/NCuca+gsYXswywDy5bHvwlWL8tpTQmzGeUuHd9FC3E/SBEMvzJRwWEOz5gGes9Qg=="],

    "@swc/core": ["@swc/core@1.10.18", "https://mirrors.cloud.tencent.com/npm/@swc/core/-/core-1.10.18.tgz", { "dependencies": { "@swc/counter": "^0.1.3", "@swc/types": "^0.1.17" }, "optionalDependencies": { "@swc/core-darwin-arm64": "1.10.18", "@swc/core-darwin-x64": "1.10.18", "@swc/core-linux-arm-gnueabihf": "1.10.18", "@swc/core-linux-arm64-gnu": "1.10.18", "@swc/core-linux-arm64-musl": "1.10.18", "@swc/core-linux-x64-gnu": "1.10.18", "@swc/core-linux-x64-musl": "1.10.18", "@swc/core-win32-arm64-msvc": "1.10.18", "@swc/core-win32-ia32-msvc": "1.10.18", "@swc/core-win32-x64-msvc": "1.10.18" }, "peerDependencies": { "@swc/helpers": "*" }, "optionalPeers": ["@swc/helpers"] }, "sha512-IUWKD6uQYGRy8w2X9EZrtYg1O3SCijlHbCXzMaHQYc1X7yjijQh4H3IVL9ssZZyVp2ZDfQZu4bD5DWxxvpyjvg=="],

    "@swc/core-darwin-arm64": ["@swc/core-darwin-arm64@1.10.18", "https://mirrors.cloud.tencent.com/npm/@swc/core-darwin-arm64/-/core-darwin-arm64-1.10.18.tgz", { "os": "darwin", "cpu": "arm64" }, "sha512-FdGqzAIKVQJu8ROlnHElP59XAUsUzCFSNsou+tY/9ba+lhu8R9v0OI5wXiPErrKGZpQFMmx/BPqqhx3X4SuGNg=="],

    "@swc/core-darwin-x64": ["@swc/core-darwin-x64@1.10.18", "https://mirrors.cloud.tencent.com/npm/@swc/core-darwin-x64/-/core-darwin-x64-1.10.18.tgz", { "os": "darwin", "cpu": "x64" }, "sha512-RZ73gZRituL/ZVLgrW6BYnQ5g8tuStG4cLUiPGJsUZpUm0ullSH6lHFvZTCBNFTfpQChG6eEhi2IdG6DwFp1lw=="],

    "@swc/core-linux-arm-gnueabihf": ["@swc/core-linux-arm-gnueabihf@1.10.18", "https://mirrors.cloud.tencent.com/npm/@swc/core-linux-arm-gnueabihf/-/core-linux-arm-gnueabihf-1.10.18.tgz", { "os": "linux", "cpu": "arm" }, "sha512-8iJqI3EkxJuuq21UHoen1VS+QlS23RvynRuk95K+Q2HBjygetztCGGEc+Xelx9a0uPkDaaAtFvds4JMDqb9SAA=="],

    "@swc/core-linux-arm64-gnu": ["@swc/core-linux-arm64-gnu@1.10.18", "https://mirrors.cloud.tencent.com/npm/@swc/core-linux-arm64-gnu/-/core-linux-arm64-gnu-1.10.18.tgz", { "os": "linux", "cpu": "arm64" }, "sha512-8f1kSktWzMB6PG+r8lOlCfXz5E8Qhsmfwonn77T/OfjvGwQaWrcoASh2cdjpk3dydbf8jsKGPQE1lSc7GyjXRQ=="],

    "@swc/core-linux-arm64-musl": ["@swc/core-linux-arm64-musl@1.10.18", "https://mirrors.cloud.tencent.com/npm/@swc/core-linux-arm64-musl/-/core-linux-arm64-musl-1.10.18.tgz", { "os": "linux", "cpu": "arm64" }, "sha512-4rv+E4VLdgQw6zjbTAauCAEExxChvxMpBUMCiZweTNPKbJJ2dY6BX2WGJ1ea8+RcgqR/Xysj3AFbOz1LBz6dGA=="],

    "@swc/core-linux-x64-gnu": ["@swc/core-linux-x64-gnu@1.10.18", "https://mirrors.cloud.tencent.com/npm/@swc/core-linux-x64-gnu/-/core-linux-x64-gnu-1.10.18.tgz", { "os": "linux", "cpu": "x64" }, "sha512-vTNmyRBVP+sZca+vtwygYPGTNudTU6Gl6XhaZZ7cEUTBr8xvSTgEmYXoK/2uzyXpaTUI4Bmtp1x81cGN0mMoLQ=="],

    "@swc/core-linux-x64-musl": ["@swc/core-linux-x64-musl@1.10.18", "https://mirrors.cloud.tencent.com/npm/@swc/core-linux-x64-musl/-/core-linux-x64-musl-1.10.18.tgz", { "os": "linux", "cpu": "x64" }, "sha512-1TZPReKhFCeX776XaT6wegknfg+g3zODve+r4oslFHI+g7cInfWlxoGNDS3niPKyuafgCdOjme2g3OF+zzxfsQ=="],

    "@swc/core-win32-arm64-msvc": ["@swc/core-win32-arm64-msvc@1.10.18", "https://mirrors.cloud.tencent.com/npm/@swc/core-win32-arm64-msvc/-/core-win32-arm64-msvc-1.10.18.tgz", { "os": "win32", "cpu": "arm64" }, "sha512-o/2CsaWSN3bkzVQ6DA+BiFKSVEYvhWGA1h+wnL2zWmIDs2Knag54sOEXZkCaf8YQyZesGeXJtPEy9hh/vjJgkA=="],

    "@swc/core-win32-ia32-msvc": ["@swc/core-win32-ia32-msvc@1.10.18", "https://mirrors.cloud.tencent.com/npm/@swc/core-win32-ia32-msvc/-/core-win32-ia32-msvc-1.10.18.tgz", { "os": "win32", "cpu": "ia32" }, "sha512-eTPASeJtk4mJDfWiYEiOC6OYUi/N7meHbNHcU8e+aKABonhXrIo/FmnTE8vsUtC6+jakT1TQBdiQ8fzJ1kJVwA=="],

    "@swc/core-win32-x64-msvc": ["@swc/core-win32-x64-msvc@1.10.18", "https://mirrors.cloud.tencent.com/npm/@swc/core-win32-x64-msvc/-/core-win32-x64-msvc-1.10.18.tgz", { "os": "win32", "cpu": "x64" }, "sha512-1Dud8CDBnc34wkBOboFBQud9YlV1bcIQtKSg7zC8LtwR3h+XAaCayZPkpGmmAlCv1DLQPvkF+s0JcaVC9mfffQ=="],

    "@swc/counter": ["@swc/counter@0.1.3", "https://mirrors.cloud.tencent.com/npm/@swc/counter/-/counter-0.1.3.tgz", {}, "sha512-e2BR4lsJkkRlKZ/qCHPw9ZaSxc0MVUd7gtbtaB7aMvHeJVYe8sOB8DBZkP2DtISHGSku9sCK6T6cnY0CtXrOCQ=="],

    "@swc/types": ["@swc/types@0.1.17", "https://mirrors.cloud.tencent.com/npm/@swc/types/-/types-0.1.17.tgz", { "dependencies": { "@swc/counter": "^0.1.3" } }, "sha512-V5gRru+aD8YVyCOMAjMpWR1Ui577DD5KSJsHP8RAxopAH22jFz6GZd/qxqjO6MJHQhcsjvjOFXyDhyLQUnMveQ=="],

    "@types/bun": ["@types/bun@1.2.2", "https://mirrors.cloud.tencent.com/npm/@types/bun/-/bun-1.2.2.tgz", { "dependencies": { "bun-types": "1.2.2" } }, "sha512-tr74gdku+AEDN5ergNiBnplr7hpDp3V1h7fqI2GcR/rsUaM39jpSeKH0TFibRvU0KwniRx5POgaYnaXbk0hU+w=="],

    "@types/estree": ["@types/estree@1.0.6", "https://mirrors.cloud.tencent.com/npm/@types/estree/-/estree-1.0.6.tgz", {}, "sha512-AYnb1nQyY49te+VRAVgmzfcgjYS91mY5P0TKUDCLEM+gNnA+3T6rWITXRLYCpahpqSQbN5cE+gHpnPyXjHWxcw=="],

    "@types/hast": ["@types/hast@3.0.4", "https://mirrors.cloud.tencent.com/npm/@types/hast/-/hast-3.0.4.tgz", { "dependencies": { "@types/unist": "*" } }, "sha512-WPs+bbQw5aCj+x6laNGWLH3wviHtoCv/P3+otBhbOhJgG8qtpdAMlTCxLtsTWA7LH1Oh/bFCHsBn0TPS5m30EQ=="],

    "@types/node": ["@types/node@22.13.5", "https://mirrors.cloud.tencent.com/npm/@types/node/-/node-22.13.5.tgz", { "dependencies": { "undici-types": "~6.20.0" } }, "sha512-+lTU0PxZXn0Dr1NBtC7Y8cR21AJr87dLLU953CWA6pMxxv/UDc7jYAY90upcrie1nRcD6XNG5HOYEDtgW5TxAg=="],

    "@types/resolve": ["@types/resolve@1.20.2", "https://mirrors.cloud.tencent.com/npm/@types/resolve/-/resolve-1.20.2.tgz", {}, "sha512-60BCwRFOZCQhDncwQdxxeOEEkbc5dIMccYLwbxsS4TUNeVECQ/pBJ0j09mrHOl/JJvpRPGwO9SvE4nR2Nb/a4Q=="],

    "@types/unist": ["@types/unist@3.0.3", "https://mirrors.cloud.tencent.com/npm/@types/unist/-/unist-3.0.3.tgz", {}, "sha512-ko/gIFJRv177XgZsZcBwnqJN5x/Gien8qNOn0D5bQU/zAzVf9Zt3BlcUiLqhV9y4ARk0GbT3tnUiPNgnTXzc/Q=="],

    "@types/ws": ["@types/ws@8.5.14", "https://mirrors.cloud.tencent.com/npm/@types/ws/-/ws-8.5.14.tgz", { "dependencies": { "@types/node": "*" } }, "sha512-bd/YFLW+URhBzMXurx7lWByOu+xzU9+kb3RboOteXYDfW+tr+JZa99OyNmPINEGB/ahzKrEuc8rcv4gnpJmxTw=="],

    "argparse": ["argparse@2.0.1", "https://mirrors.cloud.tencent.com/npm/argparse/-/argparse-2.0.1.tgz", {}, "sha512-8+9WqebbFzpX9OR+Wa6O29asIogeRMzcGtAINdpMHHyAg10f05aSFVBbcEqGf/PXw1EjAZ+q2/bEBg3DvurK3Q=="],

    "balanced-match": ["balanced-match@1.0.2", "https://mirrors.cloud.tencent.com/npm/balanced-match/-/balanced-match-1.0.2.tgz", {}, "sha512-3oSeUO0TMV67hN1AmbXsK4yaqU7tjiHlbxRDZOpH0KW9+CeX4bRAaX0Anxt0tx2MrpRpWwQaPwIlISEJhYU5Pw=="],

    "brace-expansion": ["brace-expansion@2.0.1", "https://mirrors.cloud.tencent.com/npm/brace-expansion/-/brace-expansion-2.0.1.tgz", { "dependencies": { "balanced-match": "^1.0.0" } }, "sha512-XnAIvQ8eM+kC6aULx6wuQiwVsnzsi9d3WxzV3FpWTGA19F621kwdbsAcFKXgKUHZWsy+mY6iL1sHTxWEFCytDA=="],

    "bun-types": ["bun-types@1.2.2", "https://mirrors.cloud.tencent.com/npm/bun-types/-/bun-types-1.2.2.tgz", { "dependencies": { "@types/node": "*", "@types/ws": "~8.5.10" } }, "sha512-RCbMH5elr9gjgDGDhkTTugA21XtJAy/9jkKe/G3WR2q17VPGhcquf9Sir6uay9iW+7P/BV0CAHA1XlHXMAVKHg=="],

    "commondir": ["commondir@1.0.1", "https://mirrors.cloud.tencent.com/npm/commondir/-/commondir-1.0.1.tgz", {}, "sha512-W9pAhw0ja1Edb5GVdIF1mjZw/ASI0AlShXM83UUGe2DVr5TdAPEA1OA8m/g8zWp9x6On7gqufY+FatDbC3MDQg=="],

    "deepmerge": ["deepmerge@4.3.1", "https://mirrors.cloud.tencent.com/npm/deepmerge/-/deepmerge-4.3.1.tgz", {}, "sha512-3sUqbMEc77XqpdNO7FRyRog+eW3ph+GYCbj+rK+uYyRMuwsVy0rMiVtPn+QJlKFvWP/1PYpapqYn0Me2knFn+A=="],

    "entities": ["entities@4.5.0", "https://mirrors.cloud.tencent.com/npm/entities/-/entities-4.5.0.tgz", {}, "sha512-V0hjH4dGPh9Ao5p0MoRY6BVqtwCjhz6vI5LT8AJ55H+4g9/4vbHx1I54fS0XuclLhDHArPQCiMjDxjaL8fPxhw=="],

    "estree-walker": ["estree-walker@2.0.2", "https://mirrors.cloud.tencent.com/npm/estree-walker/-/estree-walker-2.0.2.tgz", {}, "sha512-Rfkk/Mp/DL7JVje3u18FxFujQlTNR2q6QfMSMB7AvCBx91NGj/ba3kCfza0f6dVDbw7YlRf/nDrn7pQrCCyQ/w=="],

    "fdir": ["fdir@6.4.3", "https://mirrors.cloud.tencent.com/npm/fdir/-/fdir-6.4.3.tgz", { "peerDependencies": { "picomatch": "^3 || ^4" }, "optionalPeers": ["picomatch"] }, "sha512-PMXmW2y1hDDfTSRc9gaXIuCCRpuoz3Kaz8cUelp3smouvfT632ozg2vrT6lJsHKKOF59YLbOGfAWGUcKEfRMQw=="],

    "fsevents": ["fsevents@2.3.3", "https://mirrors.cloud.tencent.com/npm/fsevents/-/fsevents-2.3.3.tgz", { "os": "darwin" }, "sha512-5xoDfX+fL7faATnagmWPpbFtwh/R77WmMMqqHGS65C3vvB0YHrgF+B1YmZ3441tMj5n63k0212XNoJwzlhffQw=="],

    "function-bind": ["function-bind@1.1.2", "https://mirrors.cloud.tencent.com/npm/function-bind/-/function-bind-1.1.2.tgz", {}, "sha512-7XHNxH7qX9xG5mIwxkhumTox/MIRNcOgDrxWsMt2pAr23WHp6MrRlN7FBSFpCpr+oVO0F744iUgR82nJMfG2SA=="],

    "get-tsconfig": ["get-tsconfig@4.10.0", "https://mirrors.cloud.tencent.com/npm/get-tsconfig/-/get-tsconfig-4.10.0.tgz", { "dependencies": { "resolve-pkg-maps": "^1.0.0" } }, "sha512-kGzZ3LWWQcGIAmg6iWvXn0ei6WDtV26wzHRMwDSzmAbcXrTEXxHy6IehI6/4eT6VRKyMP1eF1VqwrVUmE/LR7A=="],

    "hasown": ["hasown@2.0.2", "https://mirrors.cloud.tencent.com/npm/hasown/-/hasown-2.0.2.tgz", { "dependencies": { "function-bind": "^1.1.2" } }, "sha512-0hJU9SCPvmMzIBdZFqNPXWa6dqh7WdH0cII9y+CyS8rG3nL48Bclra9HmKhVVUHyPWNH5Y7xDwAB7bfgSjkUMQ=="],

    "is-core-module": ["is-core-module@2.16.1", "https://mirrors.cloud.tencent.com/npm/is-core-module/-/is-core-module-2.16.1.tgz", { "dependencies": { "hasown": "^2.0.2" } }, "sha512-UfoeMA6fIJ8wTYFEUjelnaGI67v6+N7qXJEvQuIGa99l4xsCruSYOVSQ0uPANn4dAzm8lkYPaKLrrijLq7x23w=="],

    "is-module": ["is-module@1.0.0", "https://mirrors.cloud.tencent.com/npm/is-module/-/is-module-1.0.0.tgz", {}, "sha512-51ypPSPCoTEIN9dy5Oy+h4pShgJmPCygKfyRCISBI+JoWT/2oJvK8QPxmwv7b/p239jXrm9M1mlQbyKJ5A152g=="],

    "is-reference": ["is-reference@1.2.1", "https://mirrors.cloud.tencent.com/npm/is-reference/-/is-reference-1.2.1.tgz", { "dependencies": { "@types/estree": "*" } }, "sha512-U82MsXXiFIrjCK4otLT+o2NA2Cd2g5MLoOVXUZjIOhLurrRxpEXzI8O0KZHr3IjLvlAH1kTPYSuqer5T9ZVBKQ=="],

    "js-tokens": ["js-tokens@4.0.0", "https://mirrors.cloud.tencent.com/npm/js-tokens/-/js-tokens-4.0.0.tgz", {}, "sha512-RdJUflcE3cUzKiMqQgsCu06FPu9UdIJO0beYbPhHN4k6apgJtifcoCtT9bcxOpYBtpD2kCM6Sbzg4CausW/PKQ=="],

    "linkify-it": ["linkify-it@5.0.0", "https://mirrors.cloud.tencent.com/npm/linkify-it/-/linkify-it-5.0.0.tgz", { "dependencies": { "uc.micro": "^2.0.0" } }, "sha512-5aHCbzQRADcdP+ATqnDuhhJ/MRIqDkZX5pyjFHRRysS8vZ5AbqGEoFIb6pYHPZ+L/OC2Lc+xT8uHVVR5CAK/wQ=="],

    "lunr": ["lunr@2.3.9", "https://mirrors.cloud.tencent.com/npm/lunr/-/lunr-2.3.9.tgz", {}, "sha512-zTU3DaZaF3Rt9rhN3uBMGQD3dD2/vFQqnvZCDv4dl5iOzq2IZQqTxu90r4E5J+nP70J3ilqVCrbho2eWaeW8Ow=="],

    "magic-string": ["magic-string@0.30.17", "https://mirrors.cloud.tencent.com/npm/magic-string/-/magic-string-0.30.17.tgz", { "dependencies": { "@jridgewell/sourcemap-codec": "^1.5.0" } }, "sha512-sNPKHvyjVf7gyjwS4xGTaW/mCnF8wnjtifKBEhxfZ7E/S8tQ0rssrwGNn6q8JH/ohItJfSQp9mBtQYuTlH5QnA=="],

    "markdown-it": ["markdown-it@14.1.0", "https://mirrors.cloud.tencent.com/npm/markdown-it/-/markdown-it-14.1.0.tgz", { "dependencies": { "argparse": "^2.0.1", "entities": "^4.4.0", "linkify-it": "^5.0.0", "mdurl": "^2.0.0", "punycode.js": "^2.3.1", "uc.micro": "^2.1.0" }, "bin": { "markdown-it": "bin/markdown-it.mjs" } }, "sha512-a54IwgWPaeBCAAsv13YgmALOF1elABB08FxO9i+r4VFk5Vl4pKokRPeX8u5TCgSsPi6ec1otfLjdOpVcgbpshg=="],

    "mdurl": ["mdurl@2.0.0", "https://mirrors.cloud.tencent.com/npm/mdurl/-/mdurl-2.0.0.tgz", {}, "sha512-Lf+9+2r+Tdp5wXDXC4PcIBjTDtq4UKjCPMQhKIuzpJNW0b96kVqSwW0bT7FhRSfmAiFYgP+SCRvdrDozfh0U5w=="],

    "minimatch": ["minimatch@9.0.5", "https://mirrors.cloud.tencent.com/npm/minimatch/-/minimatch-9.0.5.tgz", { "dependencies": { "brace-expansion": "^2.0.1" } }, "sha512-G6T0ZX48xgozx7587koeX9Ys2NYy6Gmv//P89sEte9V9whIapMNF4idKxnW2QtCcLiTWlb/wfCabAtAFWhhBow=="],

    "path-parse": ["path-parse@1.0.7", "https://mirrors.cloud.tencent.com/npm/path-parse/-/path-parse-1.0.7.tgz", {}, "sha512-LDJzPVEEEPR+y48z93A0Ed0yXb8pAByGWo/k5YYdYgpY2/2EsOsksJrq7lOHxryrVOn1ejG6oAp8ahvOIQD8sw=="],

    "picocolors": ["picocolors@1.1.1", "https://mirrors.cloud.tencent.com/npm/picocolors/-/picocolors-1.1.1.tgz", {}, "sha512-xceH2snhtb5M9liqDsmEw56le376mTZkEX/jEb/RxNFyegNul7eNslCXP9FDj/Lcu0X8KEyMceP2ntpaHrDEVA=="],

    "picomatch": ["picomatch@4.0.2", "https://mirrors.cloud.tencent.com/npm/picomatch/-/picomatch-4.0.2.tgz", {}, "sha512-M7BAV6Rlcy5u+m6oPhAPFgJTzAioX/6B0DxyvDlo9l8+T3nLKbrczg2WLUyzd45L8RqfUMyGPzekbMvX2Ldkwg=="],

    "punycode.js": ["punycode.js@2.3.1", "https://mirrors.cloud.tencent.com/npm/punycode.js/-/punycode.js-2.3.1.tgz", {}, "sha512-uxFIHU0YlHYhDQtV4R9J6a52SLx28BCjT+4ieh7IGbgwVJWO+km431c4yRlREUAsAmt/uMjQUyQHNEPf0M39CA=="],

    "resolve": ["resolve@1.22.10", "https://mirrors.cloud.tencent.com/npm/resolve/-/resolve-1.22.10.tgz", { "dependencies": { "is-core-module": "^2.16.0", "path-parse": "^1.0.7", "supports-preserve-symlinks-flag": "^1.0.0" }, "bin": { "resolve": "bin/resolve" } }, "sha512-NPRy+/ncIMeDlTAsuqwKIiferiawhefFJtkNSW0qZJEqMEb+qBt/77B/jGeeek+F0uOeN05CDa6HXbbIgtVX4w=="],

    "resolve-pkg-maps": ["resolve-pkg-maps@1.0.0", "https://mirrors.cloud.tencent.com/npm/resolve-pkg-maps/-/resolve-pkg-maps-1.0.0.tgz", {}, "sha512-seS2Tj26TBVOC2NIc2rOe2y2ZO7efxITtLZcGSOnHHNOQ7CkiUBfw0Iw2ck6xkIhPwLhKNLS8BO+hEpngQlqzw=="],

    "rollup": ["rollup@4.34.8", "https://mirrors.cloud.tencent.com/npm/rollup/-/rollup-4.34.8.tgz", { "dependencies": { "@types/estree": "1.0.6" }, "optionalDependencies": { "@rollup/rollup-android-arm-eabi": "4.34.8", "@rollup/rollup-android-arm64": "4.34.8", "@rollup/rollup-darwin-arm64": "4.34.8", "@rollup/rollup-darwin-x64": "4.34.8", "@rollup/rollup-freebsd-arm64": "4.34.8", "@rollup/rollup-freebsd-x64": "4.34.8", "@rollup/rollup-linux-arm-gnueabihf": "4.34.8", "@rollup/rollup-linux-arm-musleabihf": "4.34.8", "@rollup/rollup-linux-arm64-gnu": "4.34.8", "@rollup/rollup-linux-arm64-musl": "4.34.8", "@rollup/rollup-linux-loongarch64-gnu": "4.34.8", "@rollup/rollup-linux-powerpc64le-gnu": "4.34.8", "@rollup/rollup-linux-riscv64-gnu": "4.34.8", "@rollup/rollup-linux-s390x-gnu": "4.34.8", "@rollup/rollup-linux-x64-gnu": "4.34.8", "@rollup/rollup-linux-x64-musl": "4.34.8", "@rollup/rollup-win32-arm64-msvc": "4.34.8", "@rollup/rollup-win32-ia32-msvc": "4.34.8", "@rollup/rollup-win32-x64-msvc": "4.34.8", "fsevents": "~2.3.2" }, "bin": { "rollup": "dist/bin/rollup" } }, "sha512-489gTVMzAYdiZHFVA/ig/iYFllCcWFHMvUHI1rpFmkoUtRlQxqh6/yiNqnYibjMZ2b/+FUQwldG+aLsEt6bglQ=="],

    "rollup-plugin-dts": ["rollup-plugin-dts@6.1.1", "https://mirrors.cloud.tencent.com/npm/rollup-plugin-dts/-/rollup-plugin-dts-6.1.1.tgz", { "dependencies": { "magic-string": "^0.30.10" }, "optionalDependencies": { "@babel/code-frame": "^7.24.2" }, "peerDependencies": { "rollup": "^3.29.4 || ^4", "typescript": "^4.5 || ^5.0" } }, "sha512-aSHRcJ6KG2IHIioYlvAOcEq6U99sVtqDDKVhnwt70rW6tsz3tv5OSjEiWcgzfsHdLyGXZ/3b/7b/+Za3Y6r1XA=="],

    "rollup-plugin-swc3": ["rollup-plugin-swc3@0.12.1", "https://mirrors.cloud.tencent.com/npm/rollup-plugin-swc3/-/rollup-plugin-swc3-0.12.1.tgz", { "dependencies": { "@dual-bundle/import-meta-resolve": "^4.1.0", "@fastify/deepmerge": "^2.0.0", "@rollup/pluginutils": "^5.1.2", "get-tsconfig": "^4.8.1", "rollup-preserve-directives": "^1.1.2" }, "peerDependencies": { "@swc/core": ">=1.2.165", "rollup": "^2.0.0 || ^3.0.0 || ^4.0.0" } }, "sha512-iNV1T432XvyejZ19/41C2gLbXxEOiiJynPPAFF0WzwwFT5FHx7SstAp0yjJRLyrbZjfIhoWJVl3hX3c3Stv/GQ=="],

    "rollup-preserve-directives": ["rollup-preserve-directives@1.1.3", "https://mirrors.cloud.tencent.com/npm/rollup-preserve-directives/-/rollup-preserve-directives-1.1.3.tgz", { "dependencies": { "magic-string": "^0.30.5" }, "peerDependencies": { "rollup": "^2.0.0 || ^3.0.0 || ^4.0.0" } }, "sha512-oXqxd6ZzkoQej8Qt0k+S/yvO2+S4CEVEVv2g85oL15o0cjAKTKEuo2MzyA8FcsBBXbtytBzBMFAbhvQg4YyPUQ=="],

    "supports-preserve-symlinks-flag": ["supports-preserve-symlinks-flag@1.0.0", "https://mirrors.cloud.tencent.com/npm/supports-preserve-symlinks-flag/-/supports-preserve-symlinks-flag-1.0.0.tgz", {}, "sha512-ot0WnXS9fgdkgIcePe6RHNk1WA8+muPa6cSjeR3V8K27q9BB1rTE3R1p7Hv0z1ZyAc8s6Vvv8DIyWf681MAt0w=="],

    "typedoc": ["typedoc@0.27.8", "https://mirrors.cloud.tencent.com/npm/typedoc/-/typedoc-0.27.8.tgz", { "dependencies": { "@gerrit0/mini-shiki": "^1.24.0", "lunr": "^2.3.9", "markdown-it": "^14.1.0", "minimatch": "^9.0.5", "yaml": "^2.6.1" }, "peerDependencies": { "typescript": "5.0.x || 5.1.x || 5.2.x || 5.3.x || 5.4.x || 5.5.x || 5.6.x || 5.7.x" }, "bin": { "typedoc": "bin/typedoc" } }, "sha512-q0/2TUunNEDmWkn23ULKGXieK8cgGuAmBUXC/HcZ/rgzMI9Yr4Nq3in1K1vT1NZ9zx6M78yTk3kmIPbwJgK5KA=="],

    "typedoc-plugin-markdown": ["typedoc-plugin-markdown@4.4.2", "https://mirrors.cloud.tencent.com/npm/typedoc-plugin-markdown/-/typedoc-plugin-markdown-4.4.2.tgz", { "peerDependencies": { "typedoc": "0.27.x" } }, "sha512-kJVkU2Wd+AXQpyL6DlYXXRrfNrHrEIUgiABWH8Z+2Lz5Sq6an4dQ/hfvP75bbokjNDUskOdFlEEm/0fSVyC7eg=="],

    "typescript": ["typescript@5.7.3", "https://mirrors.cloud.tencent.com/npm/typescript/-/typescript-5.7.3.tgz", { "bin": { "tsc": "bin/tsc", "tsserver": "bin/tsserver" } }, "sha512-84MVSjMEHP+FQRPy3pX9sTVV/INIex71s9TL2Gm5FG/WG1SqXeKyZ0k7/blY/4FdOzI12CBy1vGc4og/eus0fw=="],

    "uc.micro": ["uc.micro@2.1.0", "https://mirrors.cloud.tencent.com/npm/uc.micro/-/uc.micro-2.1.0.tgz", {}, "sha512-ARDJmphmdvUk6Glw7y9DQ2bFkKBHwQHLi2lsaH6PPmz/Ka9sFOBsBluozhDltWmnv9u/cF6Rt87znRTPV+yp/A=="],

    "undici-types": ["undici-types@6.20.0", "https://mirrors.cloud.tencent.com/npm/undici-types/-/undici-types-6.20.0.tgz", {}, "sha512-Ny6QZ2Nju20vw1SRHe3d9jVu6gJ+4e3+MMpqu7pqE5HT6WsTSlce++GQmK5UXS8mzV8DSYHrQH+Xrf2jVcuKNg=="],

    "yaml": ["yaml@2.7.0", "https://mirrors.cloud.tencent.com/npm/yaml/-/yaml-2.7.0.tgz", { "bin": { "yaml": "bin.mjs" } }, "sha512-+hSoy/QHluxmC9kCIJyL/uyFmLmc+e5CFR5Wa+bpIhIj85LVb9ZH2nVnqrHoSvKogwODv0ClqZkmiSSaIH5LTA=="],
  }
}
